<?xml version="1.0" encoding="utf-8"?>
<Project ToolsVersion="4.0" xmlns="http://schemas.microsoft.com/developer/msbuild/2003">
  <ItemGroup>
    <Filter Include="Source Files">
      <UniqueIdentifier>{4FC737F1-C7A5-4376-A066-2A32D752A2FF}</UniqueIdentifier>
      <Extensions>cpp;c;cc;cxx;c++;cppm;ixx;def;odl;idl;hpj;bat;asm;asmx</Extensions>
    </Filter>
    <Filter Include="Header Files">
      <UniqueIdentifier>{93995380-89BD-4b04-88EB-625FBE52EBFB}</UniqueIdentifier>
      <Extensions>h;hh;hpp;hxx;h++;hm;inl;inc;ipp;xsd</Extensions>
    </Filter>
    <Filter Include="Resource Files">
      <UniqueIdentifier>{67DA6AB6-F800-4c08-8B7A-83BB121AAD01}</UniqueIdentifier>
      <Extensions>rc;ico;cur;bmp;dlg;rc2;rct;bin;rgs;gif;jpg;jpeg;jpe;resx;tiff;tif;png;wav;mfcribbon-ms</Extensions>
    </Filter>
  </ItemGroup>
  <ItemGroup>
    <ClCompile Include="src\glad.c">
      <Filter>Source Files</Filter>
    </ClCompile>
    <ClCompile Include="src\Main.cpp">
      <Filter>Source Files</Filter>
    </ClCompile>
  </ItemGroup>
  <ItemGroup>
    <None Include="Shaders\FragmentShader.fs" />
    <None Include="Shaders\VertexShader.vs" />
    <None Include="Shaders\Light.fs" />
    <None Include="Shaders\Light.vs" />
    <None Include="Shaders\ModelLoading.fs" />
    <None Include="Shaders\ModelLoading.vs" />
    <None Include="Libraries\include\assimp\color4.inl">
      <Filter>Header Files</Filter>
    </None>
    <None Include="Libraries\include\assimp\material.inl">
      <Filter>Header Files</Filter>
    </None>
    <None Include="Libraries\include\assimp\matrix3x3.inl">
      <Filter>Header Files</Filter>
    </None>
    <None Include="Libraries\include\assimp\matrix4x4.inl">
      <Filter>Header Files</Filter>
    </None>
    <None Include="Libraries\include\assimp\quaternion.inl">
      <Filter>Header Files</Filter>
    </None>
    <None Include="Libraries\include\assimp\SmoothingGroups.inl">
      <Filter>Header Files</Filter>
    </None>
    <None Include="Libraries\include\assimp\vector2.inl">
      <Filter>Header Files</Filter>
    </None>
    <None Include="Libraries\include\assimp\vector3.inl">
      <Filter>Header Files</Filter>
    </None>
    <None Include="Libraries\include\assimp\config.h.in" />
    <None Include="Libraries\dll\assimp-vc142-mt.dll" />
    <None Include="Shaders\Stencil.vs" />
    <None Include="Shaders\Stencil.fs" />
    <None Include="Shaders\SingleColor.fs" />
    <None Include="Shaders\Blend.vs" />
    <None Include="Shaders\Blend.fs" />
  </ItemGroup>
  <ItemGroup>
    <ClInclude Include="Shader.h">
      <Filter>Header Files</Filter>
    </ClInclude>
    <ClInclude Include="Libraries\include\stb_image.h">
      <Filter>Header Files</Filter>
    </ClInclude>
    <ClInclude Include="Camera.h">
      <Filter>Header Files</Filter>
    </ClInclude>
    <ClInclude Include="Model.h">
      <Filter>Header Files</Filter>
    </ClInclude>
    <ClInclude Include="Mesh.h">
      <Filter>Header Files</Filter>
    </ClInclude>
    <ClInclude Include="Libraries\include\assimp\Compiler\poppack1.h">
      <Filter>Header Files</Filter>
    </ClInclude>
    <ClInclude Include="Libraries\include\assimp\Compiler\pstdint.h">
      <Filter>Header Files</Filter>
    </ClInclude>
    <ClInclude Include="Libraries\include\assimp\Compiler\pushpack1.h">
      <Filter>Header Files</Filter>
    </ClInclude>
    <ClInclude Include="Libraries\include\assimp\port\AndroidJNI\AndroidJNIIOSystem.h">
      <Filter>Header Files</Filter>
    </ClInclude>
    <ClInclude Include="Libraries\include\assimp\port\AndroidJNI\BundledAssetIOSystem.h">
      <Filter>Header Files</Filter>
    </ClInclude>
    <ClInclude Include="Libraries\include\assimp\aabb.h">
      <Filter>Header Files</Filter>
    </ClInclude>
    <ClInclude Include="Libraries\include\assimp\ai_assert.h">
      <Filter>Header Files</Filter>
    </ClInclude>
    <ClInclude Include="Libraries\include\assimp\anim.h">
      <Filter>Header Files</Filter>
    </ClInclude>
    <ClInclude Include="Libraries\include\assimp\Base64.hpp">
      <Filter>Header Files</Filter>
    </ClInclude>
    <ClInclude Include="Libraries\include\assimp\BaseImporter.h">
      <Filter>Header Files</Filter>
    </ClInclude>
    <ClInclude Include="Libraries\include\assimp\Bitmap.h">
      <Filter>Header Files</Filter>
    </ClInclude>
    <ClInclude Include="Libraries\include\assimp\BlobIOSystem.h">
      <Filter>Header Files</Filter>
    </ClInclude>
    <ClInclude Include="Libraries\include\assimp\ByteSwapper.h">
      <Filter>Header Files</Filter>
    </ClInclude>
    <ClInclude Include="Libraries\include\assimp\camera.h">
      <Filter>Header Files</Filter>
    </ClInclude>
    <ClInclude Include="Libraries\include\assimp\cexport.h">
      <Filter>Header Files</Filter>
    </ClInclude>
    <ClInclude Include="Libraries\include\assimp\cfileio.h">
      <Filter>Header Files</Filter>
    </ClInclude>
    <ClInclude Include="Libraries\include\assimp\cimport.h">
      <Filter>Header Files</Filter>
    </ClInclude>
    <ClInclude Include="Libraries\include\assimp\ColladaMetaData.h">
      <Filter>Header Files</Filter>
    </ClInclude>
    <ClInclude Include="Libraries\include\assimp\color4.h">
      <Filter>Header Files</Filter>
    </ClInclude>
    <ClInclude Include="Libraries\include\assimp\commonMetaData.h">
      <Filter>Header Files</Filter>
    </ClInclude>
    <ClInclude Include="Libraries\include\assimp\config.h">
      <Filter>Header Files</Filter>
    </ClInclude>
    <ClInclude Include="Libraries\include\assimp\CreateAnimMesh.h">
      <Filter>Header Files</Filter>
    </ClInclude>
    <ClInclude Include="Libraries\include\assimp\DefaultIOStream.h">
      <Filter>Header Files</Filter>
    </ClInclude>
    <ClInclude Include="Libraries\include\assimp\DefaultIOSystem.h">
      <Filter>Header Files</Filter>
    </ClInclude>
    <ClInclude Include="Libraries\include\assimp\DefaultLogger.hpp">
      <Filter>Header Files</Filter>
    </ClInclude>
    <ClInclude Include="Libraries\include\assimp\defs.h">
      <Filter>Header Files</Filter>
    </ClInclude>
    <ClInclude Include="Libraries\include\assimp\Exceptional.h">
      <Filter>Header Files</Filter>
    </ClInclude>
    <ClInclude Include="Libraries\include\assimp\Exporter.hpp">
      <Filter>Header Files</Filter>
    </ClInclude>
    <ClInclude Include="Libraries\include\assimp\fast_atof.h">
      <Filter>Header Files</Filter>
    </ClInclude>
    <ClInclude Include="Libraries\include\assimp\GenericProperty.h">
      <Filter>Header Files</Filter>
    </ClInclude>
    <ClInclude Include="Libraries\include\assimp\GltfMaterial.h">
      <Filter>Header Files</Filter>
    </ClInclude>
    <ClInclude Include="Libraries\include\assimp\Hash.h">
      <Filter>Header Files</Filter>
    </ClInclude>
    <ClInclude Include="Libraries\include\assimp\Importer.hpp">
      <Filter>Header Files</Filter>
    </ClInclude>
    <ClInclude Include="Libraries\include\assimp\importerdesc.h">
      <Filter>Header Files</Filter>
    </ClInclude>
    <ClInclude Include="Libraries\include\assimp\IOStream.hpp">
      <Filter>Header Files</Filter>
    </ClInclude>
    <ClInclude Include="Libraries\include\assimp\IOStreamBuffer.h">
      <Filter>Header Files</Filter>
    </ClInclude>
    <ClInclude Include="Libraries\include\assimp\IOSystem.hpp">
      <Filter>Header Files</Filter>
    </ClInclude>
    <ClInclude Include="Libraries\include\assimp\light.h">
      <Filter>Header Files</Filter>
    </ClInclude>
    <ClInclude Include="Libraries\include\assimp\LineSplitter.h">
      <Filter>Header Files</Filter>
    </ClInclude>
    <ClInclude Include="Libraries\include\assimp\LogAux.h">
      <Filter>Header Files</Filter>
    </ClInclude>
    <ClInclude Include="Libraries\include\assimp\Logger.hpp">
      <Filter>Header Files</Filter>
    </ClInclude>
    <ClInclude Include="Libraries\include\assimp\LogStream.hpp">
      <Filter>Header Files</Filter>
    </ClInclude>
    <ClInclude Include="Libraries\include\assimp\material.h">
      <Filter>Header Files</Filter>
    </ClInclude>
    <ClInclude Include="Libraries\include\assimp\MathFunctions.h">
      <Filter>Header Files</Filter>
    </ClInclude>
    <ClInclude Include="Libraries\include\assimp\matrix3x3.h">
      <Filter>Header Files</Filter>
    </ClInclude>
    <ClInclude Include="Libraries\include\assimp\matrix4x4.h">
      <Filter>Header Files</Filter>
    </ClInclude>
    <ClInclude Include="Libraries\include\assimp\MemoryIOWrapper.h">
      <Filter>Header Files</Filter>
    </ClInclude>
    <ClInclude Include="Libraries\include\assimp\mesh.h">
      <Filter>Header Files</Filter>
    </ClInclude>
    <ClInclude Include="Libraries\include\assimp\metadata.h">
      <Filter>Header Files</Filter>
    </ClInclude>
    <ClInclude Include="Libraries\include\assimp\NullLogger.hpp">
      <Filter>Header Files</Filter>
    </ClInclude>
    <ClInclude Include="Libraries\include\assimp\ObjMaterial.h">
      <Filter>Header Files</Filter>
    </ClInclude>
    <ClInclude Include="Libraries\include\assimp\ParsingUtils.h">
      <Filter>Header Files</Filter>
    </ClInclude>
    <ClInclude Include="Libraries\include\assimp\pbrmaterial.h">
      <Filter>Header Files</Filter>
    </ClInclude>
    <ClInclude Include="Libraries\include\assimp\postprocess.h">
      <Filter>Header Files</Filter>
    </ClInclude>
    <ClInclude Include="Libraries\include\assimp\Profiler.h">
      <Filter>Header Files</Filter>
    </ClInclude>
    <ClInclude Include="Libraries\include\assimp\ProgressHandler.hpp">
      <Filter>Header Files</Filter>
    </ClInclude>
    <ClInclude Include="Libraries\include\assimp\qnan.h">
      <Filter>Header Files</Filter>
    </ClInclude>
    <ClInclude Include="Libraries\include\assimp\quaternion.h">
      <Filter>Header Files</Filter>
    </ClInclude>
    <ClInclude Include="Libraries\include\assimp\RemoveComments.h">
      <Filter>Header Files</Filter>
    </ClInclude>
    <ClInclude Include="Libraries\include\assimp\scene.h">
      <Filter>Header Files</Filter>
    </ClInclude>
    <ClInclude Include="Libraries\include\assimp\SceneCombiner.h">
      <Filter>Header Files</Filter>
    </ClInclude>
    <ClInclude Include="Libraries\include\assimp\SGSpatialSort.h">
      <Filter>Header Files</Filter>
    </ClInclude>
    <ClInclude Include="Libraries\include\assimp\SkeletonMeshBuilder.h">
      <Filter>Header Files</Filter>
    </ClInclude>
    <ClInclude Include="Libraries\include\assimp\SmallVector.h">
      <Filter>Header Files</Filter>
    </ClInclude>
    <ClInclude Include="Libraries\include\assimp\SmoothingGroups.h">
      <Filter>Header Files</Filter>
    </ClInclude>
    <ClInclude Include="Libraries\include\assimp\SpatialSort.h">
      <Filter>Header Files</Filter>
    </ClInclude>
    <ClInclude Include="Libraries\include\assimp\StandardShapes.h">
      <Filter>Header Files</Filter>
    </ClInclude>
    <ClInclude Include="Libraries\include\assimp\StreamReader.h">
      <Filter>Header Files</Filter>
    </ClInclude>
    <ClInclude Include="Libraries\include\assimp\StreamWriter.h">
      <Filter>Header Files</Filter>
    </ClInclude>
    <ClInclude Include="Libraries\include\assimp\StringComparison.h">
      <Filter>Header Files</Filter>
    </ClInclude>
    <ClInclude Include="Libraries\include\assimp\StringUtils.h">
      <Filter>Header Files</Filter>
    </ClInclude>
    <ClInclude Include="Libraries\include\assimp\Subdivision.h">
      <Filter>Header Files</Filter>
    </ClInclude>
    <ClInclude Include="Libraries\include\assimp\texture.h">
      <Filter>Header Files</Filter>
    </ClInclude>
    <ClInclude Include="Libraries\include\assimp\TinyFormatter.h">
      <Filter>Header Files</Filter>
    </ClInclude>
    <ClInclude Include="Libraries\include\assimp\types.h">
      <Filter>Header Files</Filter>
    </ClInclude>
    <ClInclude Include="Libraries\include\assimp\vector2.h">
      <Filter>Header Files</Filter>
    </ClInclude>
    <ClInclude Include="Libraries\include\assimp\vector3.h">
      <Filter>Header Files</Filter>
    </ClInclude>
    <ClInclude Include="Libraries\include\assimp\version.h">
      <Filter>Header Files</Filter>
    </ClInclude>
    <ClInclude Include="Libraries\include\assimp\Vertex.h">
      <Filter>Header Files</Filter>
    </ClInclude>
    <ClInclude Include="Libraries\include\assimp\XmlParser.h">
      <Filter>Header Files</Filter>
    </ClInclude>
    <ClInclude Include="Libraries\include\assimp\XMLTools.h">
      <Filter>Header Files</Filter>
    </ClInclude>
    <ClInclude Include="Libraries\include\assimp\ZipArchiveIOSystem.h">
      <Filter>Header Files</Filter>
    </ClInclude>
  </ItemGroup>
  <ItemGroup>
    <Image Include="Resource\container.jpg">
      <Filter>Resource Files</Filter>
    </Image>
    <Image Include="Resource\wall.jpg">
      <Filter>Resource Files</Filter>
    </Image>
    <Image Include="Resources\container.jpg">
      <Filter>Resource Files</Filter>
    </Image>
    <Image Include="Resources\container2_specular.png">
      <Filter>Resource Files</Filter>
    </Image>
    <Image Include="Resources\matrix.jpg">
      <Filter>Resource Files</Filter>
    </Image>
  </ItemGroup>
  <ItemGroup>
    <Text Include="Shaders\ColorShader.fs" />
    <Text Include="Shaders\ColorShader.vs" />
    <Text Include="Shaders\LightCube.fs" />
    <Text Include="Shaders\LightCube.vs" />
  </ItemGroup>
  <ItemGroup>
    <Library Include="Libraries\lib\assimp-vc142-mt.lib" />
  </ItemGroup>
</Project>